
Microsoft Visual Studio Solution File, Format Version 12.00
# Visual Studio Version 17
VisualStudioVersion = 17.2.32616.157
MinimumVisualStudioVersion = 10.0.40219.1
Project("{FAE04EC0-301F-11D3-BF4B-00C04F79EFBC}") = "Mine", "Mine\Mine.csproj", "{C99D61F4-2638-4E9F-8C08-BF1BD1C338BC}"
EndProject
Global
	GlobalSection(SolutionConfigurationPlatforms) = preSolution
		Debug|Any CPU = Debug|Any CPU
		Release|Any CPU = Release|Any CPU
	EndGlobalSection
	GlobalSection(ProjectConfigurationPlatforms) = postSolution
		{C99D61F4-2638-4E9F-8C08-BF1BD1C338BC}.Debug|Any CPU.ActiveCfg = Debug|Any CPU
		{C99D61F4-2638-4E9F-8C08-BF1BD1C338BC}.Debug|Any CPU.Build.0 = Debug|Any CPU
		{C99D61F4-2638-4E9F-8C08-BF1BD1C338BC}.Release|Any CPU.ActiveCfg = Release|Any CPU
		{C99D61F4-2638-4E9F-8C08-BF1BD1C338BC}.Release|Any CPU.Build.0 = Release|Any CPU
	EndGlobalSection
	GlobalSection(SolutionProperties) = preSolution
		HideSolutionNode = FALSE
	EndGlobalSection
	GlobalSection(ExtensibilityGlobals) = postSolution
		SolutionGuid = {B6146D58-D3A2-48C1-8458-6B617774FF26}
	EndGlobalSection
EndGlobal
